
Microsoft Visual Studio Solution File, Format Version 12.00
# Visual Studio Version 16
VisualStudioVersion = 16.0.30804.86
MinimumVisualStudioVersion = 10.0.40219.1
Project("{FAE04EC0-301F-11D3-BF4B-00C04F79EFBC}") = "Lab10-MovieList", "Lab10-MovieList\Lab10-MovieList.csproj", "{5BA6F8AF-EADE-4D32-9604-19E9D2F26382}"
EndProject
Global
	GlobalSection(SolutionConfigurationPlatforms) = preSolution
		Debug|Any CPU = Debug|Any CPU
		Release|Any CPU = Release|Any CPU
	EndGlobalSection
	GlobalSection(ProjectConfigurationPlatforms) = postSolution
		{5BA6F8AF-EADE-4D32-9604-19E9D2F26382}.Debug|Any CPU.ActiveCfg = Debug|Any CPU
		{5BA6F8AF-EADE-4D32-9604-19E9D2F26382}.Debug|Any CPU.Build.0 = Debug|Any CPU
		{5BA6F8AF-EADE-4D32-9604-19E9D2F26382}.Release|Any CPU.ActiveCfg = Release|Any CPU
		{5BA6F8AF-EADE-4D32-9604-19E9D2F26382}.Release|Any CPU.Build.0 = Release|Any CPU
	EndGlobalSection
	GlobalSection(SolutionProperties) = preSolution
		HideSolutionNode = FALSE
	EndGlobalSection
	GlobalSection(ExtensibilityGlobals) = postSolution
		SolutionGuid = {632B886D-7B26-4814-935C-C7CCB1A362B9}
	EndGlobalSection
EndGlobal
